
Microsoft Visual Studio Solution File, Format Version 12.00
# Visual Studio Version 16
VisualStudioVersion = 16.0.31112.23
MinimumVisualStudioVersion = 10.0.40219.1
Project("{9A19103F-16F7-4668-BE54-9A1E7A4F7556}") = "News4Devs.Client", "News4Devs.Client\News4Devs.Client.csproj", "{E27F946D-6BBD-4736-BC58-C44EABA22AE6}"
EndProject
Project("{9A19103F-16F7-4668-BE54-9A1E7A4F7556}") = "News4Devs.WebAPI", "News4Devs.WebAPI\News4Devs.WebAPI.csproj", "{CA49BDE0-7D4D-432B-8F10-320DF7EA3B09}"
EndProject
Project("{9A19103F-16F7-4668-BE54-9A1E7A4F7556}") = "News4Devs.Core", "News4Devs.Core\News4Devs.Core.csproj", "{DF5092FC-1301-4101-984B-53FBF063E192}"
EndProject
Project("{9A19103F-16F7-4668-BE54-9A1E7A4F7556}") = "News4Devs.Infrastructure", "News4Devs.Infrastructure\News4Devs.Infrastructure.csproj", "{12E65028-DD9F-4560-AC53-DCA251D0949F}"
EndProject
Project("{2150E333-8FDC-42A3-9474-1A3956D46DE8}") = "Resources", "Resources", "{2817E7F8-6C2A-4A15-99AE-C554D330E345}"
	ProjectSection(SolutionItems) = preProject
		DifficultiesEncountered.txt = DifficultiesEncountered.txt
		References.txt = References.txt
	EndProjectSection
EndProject
Global
	GlobalSection(SolutionConfigurationPlatforms) = preSolution
		Debug|Any CPU = Debug|Any CPU
		Release|Any CPU = Release|Any CPU
	EndGlobalSection
	GlobalSection(ProjectConfigurationPlatforms) = postSolution
		{E27F946D-6BBD-4736-BC58-C44EABA22AE6}.Debug|Any CPU.ActiveCfg = Debug|Any CPU
		{E27F946D-6BBD-4736-BC58-C44EABA22AE6}.Debug|Any CPU.Build.0 = Debug|Any CPU
		{E27F946D-6BBD-4736-BC58-C44EABA22AE6}.Release|Any CPU.ActiveCfg = Release|Any CPU
		{E27F946D-6BBD-4736-BC58-C44EABA22AE6}.Release|Any CPU.Build.0 = Release|Any CPU
		{CA49BDE0-7D4D-432B-8F10-320DF7EA3B09}.Debug|Any CPU.ActiveCfg = Debug|Any CPU
		{CA49BDE0-7D4D-432B-8F10-320DF7EA3B09}.Debug|Any CPU.Build.0 = Debug|Any CPU
		{CA49BDE0-7D4D-432B-8F10-320DF7EA3B09}.Release|Any CPU.ActiveCfg = Release|Any CPU
		{CA49BDE0-7D4D-432B-8F10-320DF7EA3B09}.Release|Any CPU.Build.0 = Release|Any CPU
		{DF5092FC-1301-4101-984B-53FBF063E192}.Debug|Any CPU.ActiveCfg = Debug|Any CPU
		{DF5092FC-1301-4101-984B-53FBF063E192}.Debug|Any CPU.Build.0 = Debug|Any CPU
		{DF5092FC-1301-4101-984B-53FBF063E192}.Release|Any CPU.ActiveCfg = Release|Any CPU
		{DF5092FC-1301-4101-984B-53FBF063E192}.Release|Any CPU.Build.0 = Release|Any CPU
		{12E65028-DD9F-4560-AC53-DCA251D0949F}.Debug|Any CPU.ActiveCfg = Debug|Any CPU
		{12E65028-DD9F-4560-AC53-DCA251D0949F}.Debug|Any CPU.Build.0 = Debug|Any CPU
		{12E65028-DD9F-4560-AC53-DCA251D0949F}.Release|Any CPU.ActiveCfg = Release|Any CPU
		{12E65028-DD9F-4560-AC53-DCA251D0949F}.Release|Any CPU.Build.0 = Release|Any CPU
	EndGlobalSection
	GlobalSection(SolutionProperties) = preSolution
		HideSolutionNode = FALSE
	EndGlobalSection
	GlobalSection(ExtensibilityGlobals) = postSolution
		SolutionGuid = {9AB20172-62B8-4B6B-9BDB-74A542DF5FD3}
	EndGlobalSection
EndGlobal
